{
  "nodes": {
    "nixpkgs": {
      "locked": {
        "lastModified": 1750215678,
        "narHash": "sha256-Rc/ytpamXRf6z8UA2SGa4aaWxUXRbX2MAWIu2C8M+ok=",
        "owner": "NixOS",
        "repo": "nixpkgs",
        "rev": "5395fb3ab3f97b9b7abca147249fa2e8ed27b192",
        "type": "github"
      },
      "original": {
        "owner": "NixOS",
        "ref": "nixpkgs-unstable",
        "repo": "nixpkgs",
        "type": "github"
      }
    },
    "root": {
      "inputs": {
        "nixpkgs": "nixpkgs",
        "rust-overlay": "rust-overlay"
      }
    },
    "rust-overlay": {
      "inputs": {
        "nixpkgs": [
          "nixpkgs"
        ]
      },
      "locked": {
        "lastModified": 1750300711,
        "narHash": "sha256-4XHPocwP+66PhxyyObPXfI+Rql4PoGe/xBK791N8I78=",
        "owner": "oxalica",
        "repo": "rust-overlay",
        "rev": "4178888556c15e0a1c57850d2f103ac300a6e9e2",
        "type": "github"
      },
      "original": {
        "owner": "oxalica",
        "repo": "rust-overlay",
        "type": "github"
      }
    }
  },
  "root": "root",
  "version": 7
}
